
Microsoft Visual Studio Solution File, Format Version 12.00
Project("{FAE04EC0-301F-11D3-BF4B-00C04F79EFBC}") = "ChecklistApi", "Api\ChecklistApi.csproj", "{265CF629-6CC2-416E-81E4-477D467AB973}"
EndProject
Global
	GlobalSection(SolutionConfigurationPlatforms) = preSolution
		Debug|Any CPU = Debug|Any CPU
		Release|Any CPU = Release|Any CPU
	EndGlobalSection
	GlobalSection(ProjectConfigurationPlatforms) = postSolution
		{265CF629-6CC2-416E-81E4-477D467AB973}.Debug|Any CPU.ActiveCfg = Debug|Any CPU
		{265CF629-6CC2-416E-81E4-477D467AB973}.Debug|Any CPU.Build.0 = Debug|Any CPU
		{265CF629-6CC2-416E-81E4-477D467AB973}.Release|Any CPU.ActiveCfg = Release|Any CPU
		{265CF629-6CC2-416E-81E4-477D467AB973}.Release|Any CPU.Build.0 = Release|Any CPU
	EndGlobalSection
EndGlobal
